# This file is automatically @generated by Cargo.
# It is not intended for manual editing.
version = 3

[[package]]
name = "arrayref"
version = "0.3.7"
source = "registry+https://github.com/rust-lang/crates.io-index"
checksum = "6b4930d2cb77ce62f89ee5d5289b4ac049559b1c45539271f5ed4fdc7db34545"

[[package]]
name = "arrayvec"
version = "0.7.4"
source = "registry+https://github.com/rust-lang/crates.io-index"
checksum = "96d30a06541fbafbc7f82ed10c06164cfbd2c401138f6addd8404629c4b16711"

[[package]]
name = "blake3"
version = "1.5.3"
source = "registry+https://github.com/rust-lang/crates.io-index"
checksum = "e9ec96fe9a81b5e365f9db71fe00edc4fe4ca2cc7dcb7861f0603012a7caa210"
dependencies = [
 "arrayref",
 "arrayvec",
 "cc",
 "cfg-if",
 "constant_time_eq",
]

[[package]]
name = "cc"
version = "1.1.5"
source = "registry+https://github.com/rust-lang/crates.io-index"
checksum = "324c74f2155653c90b04f25b2a47a8a631360cb908f92a772695f430c7e31052"

[[package]]
name = "cfg-if"
version = "1.0.0"
source = "registry+https://github.com/rust-lang/crates.io-index"
checksum = "baf1de4339761588bc0619e3cbc0120ee582ebb74b53b4efbf79117bd2da40fd"

[[package]]
name = "constant_time_eq"
version = "0.3.0"
source = "registry+https://github.com/rust-lang/crates.io-index"
checksum = "f7144d30dcf0fafbce74250a3963025d8d52177934239851c917d29f1df280c2"

[[package]]
name = "endlesshashes"
version = "0.1.0"
dependencies = [
 "blake3",
 "fastrand",
]

[[package]]
name = "fastrand"
version = "2.1.1"
source = "registry+https://github.com/rust-lang/crates.io-index"
checksum = "e8c02a5121d4ea3eb16a80748c74f5549a5665e4c21333c6098f283870fbdea6"
